{
  "name": "formqualification",
  "version": "1.0.0",
  "lockfileVersion": 1,
  "requires": true,
  "dependencies": {
    "@pnp/common": {
      "version": "2.0.5",
      "resolved": "https://registry.npmjs.org/@pnp/common/-/common-2.0.5.tgz",
      "integrity": "sha512-swL2CBaqTHkk3JuB+WaHa3MEoRDV+JLyY5r6P6vtqiLnlYypb5ZWYgneRkq82SeJnbKP/xyMiCyhLd52KpY6Rg==",
      "requires": {
        "tslib": "1.10.0"
      }
    },
    "@pnp/logging": {
      "version": "2.0.5",
      "resolved": "https://registry.npmjs.org/@pnp/logging/-/logging-2.0.5.tgz",
      "integrity": "sha512-vFuZwR4sPUcvTD/HolQvYLsaD9aO7w1mcQNKvPabG7ncYxEkI47cFnrgxxyqI2VjmyFVRvHfJTq0w6aFHeBFpQ==",
      "requires": {
        "tslib": "1.10.0"
      }
    },
    "@pnp/odata": {
      "version": "2.0.5",
      "resolved": "https://registry.npmjs.org/@pnp/odata/-/odata-2.0.5.tgz",
      "integrity": "sha512-tB1Blv44T3TEhM7ZSL9MgOLkv7GFQmaYgNj3bcNcBYpLxtux6A83TU8vUAS9vz25rnNrCXxKZGmmXeACyOO6pQ==",
      "requires": {
        "@pnp/common": "2.0.5",
        "@pnp/logging": "2.0.5",
        "tslib": "1.10.0"
      }
    },
    "@pnp/sp": {
      "version": "2.0.5",
      "resolved": "https://registry.npmjs.org/@pnp/sp/-/sp-2.0.5.tgz",
      "integrity": "sha512-i+JN/hDJY8Da1w0Zsb1lfbtl7iwmlvYD6YLdIMkmCKpsc6UmuVkYDZsDUApz5MEuIGYt497rStL7MtfnlSqGRQ==",
      "requires": {
        "@pnp/common": "2.0.5",
        "@pnp/logging": "2.0.5",
        "@pnp/odata": "2.0.5",
        "tslib": "1.10.0"
      }
    },
    "@types/jquery": {
      "version": "3.3.38",
      "resolved": "https://registry.npmjs.org/@types/jquery/-/jquery-3.3.38.tgz",
      "integrity": "sha512-nkDvmx7x/6kDM5guu/YpXkGZ/Xj/IwGiLDdKM99YA5Vag7pjGyTJ8BNUh/6hxEn/sEu5DKtyRgnONJ7EmOoKrA==",
      "dev": true,
      "requires": {
        "@types/sizzle": "*"
      }
    },
    "@types/kendo-ui": {
      "version": "2020.2.0",
      "resolved": "https://registry.npmjs.org/@types/kendo-ui/-/kendo-ui-2020.2.0.tgz",
      "integrity": "sha512-EEbSIvNhzMGdhu6axauYVKzdisXMRxBrzq73BsqeSKOVemXMam2N/Wnila1t/dLI4Ub5QRNM+ca5iNqSwU6Kww==",
      "dev": true,
      "requires": {
        "@types/jquery": "*"
      }
    },
    "@types/sizzle": {
      "version": "2.3.2",
      "resolved": "https://registry.npmjs.org/@types/sizzle/-/sizzle-2.3.2.tgz",
      "integrity": "sha512-7EJYyKTL7tFR8+gDbB6Wwz/arpGa0Mywk1TJbNzKzHtzbwVmY4HR9WqS5VV7dsBUKQmPNr192jHr/VpBluj/hg==",
      "dev": true
    },
    "tslib": {
      "version": "1.10.0",
      "resolved": "https://registry.npmjs.org/tslib/-/tslib-1.10.0.tgz",
      "integrity": "sha512-qOebF53frne81cf0S9B41ByenJ3/IuH8yJKngAX35CmiZySA0khhkovshKK+jGCaMnVomla7gVlIcc3EvKPbTQ=="
    },
    "typescript": {
      "version": "3.9.3",
      "resolved": "https://registry.npmjs.org/typescript/-/typescript-3.9.3.tgz",
      "integrity": "sha512-D/wqnB2xzNFIcoBG9FG8cXRDjiqSTbG2wd8DMZeQyJlP1vfTkIxH4GKveWaEBYySKIg+USu+E+EDIR47SqnaMQ==",
      "dev": true
    }
  }
}
